<?xml version="1.0" encoding="utf-8"?>
<Project ToolsVersion="4.0" xmlns="http://schemas.microsoft.com/developer/msbuild/2003">
  <ItemGroup>
    <Filter Include="Source Files">
      <UniqueIdentifier>{4FC737F1-C7A5-4376-A066-2A32D752A2FF}</UniqueIdentifier>
      <Extensions>cpp;c;cc;cxx;def;odl;idl;hpj;bat;asm;asmx</Extensions>
    </Filter>
    <Filter Include="Header Files">
      <UniqueIdentifier>{93995380-89BD-4b04-88EB-625FBE52EBFB}</UniqueIdentifier>
      <Extensions>h;hh;hpp;hxx;hm;inl;inc;xsd</Extensions>
    </Filter>
    <Filter Include="Resource Files">
      <UniqueIdentifier>{67DA6AB6-F800-4c08-8B7A-83BB121AAD01}</UniqueIdentifier>
      <Extensions>rc;ico;cur;bmp;dlg;rc2;rct;bin;rgs;gif;jpg;jpeg;jpe;resx;tiff;tif;png;wav;mfcribbon-ms</Extensions>
    </Filter>
    <Filter Include="GraphImplementations">
      <UniqueIdentifier>{8a1a8679-b569-42de-9c9a-3c3b68d77596}</UniqueIdentifier>
    </Filter>
    <Filter Include="GraphAlgorithms">
      <UniqueIdentifier>{763f3ef1-023d-4d32-8370-aee1f3c85506}</UniqueIdentifier>
    </Filter>
    <Filter Include="Sorting">
      <UniqueIdentifier>{5eb026db-c025-4295-817b-19b929697213}</UniqueIdentifier>
    </Filter>
    <Filter Include="TreeImplementations">
      <UniqueIdentifier>{f3f52d1f-3c68-45b8-86e3-15b7f3dd54f8}</UniqueIdentifier>
    </Filter>
  </ItemGroup>
  <ItemGroup>
    <Text Include="ReadMe.txt" />
  </ItemGroup>
  <ItemGroup>
    <ClInclude Include="stdafx.h">
      <Filter>Header Files</Filter>
    </ClInclude>
    <ClInclude Include="targetver.h">
      <Filter>Header Files</Filter>
    </ClInclude>
    <ClInclude Include="GraphBase.h">
      <Filter>GraphImplementations</Filter>
    </ClInclude>
    <ClInclude Include="GraphMixedAdjMatrix.h">
      <Filter>GraphImplementations</Filter>
    </ClInclude>
    <ClInclude Include="GraphMixedAdjLists.h">
      <Filter>GraphImplementations</Filter>
    </ClInclude>
    <ClInclude Include="Dijkstra_ShortestPaths.h">
      <Filter>GraphAlgorithms</Filter>
    </ClInclude>
    <ClInclude Include="SelectionSort.h">
      <Filter>Sorting</Filter>
    </ClInclude>
    <ClInclude Include="SelectionSortTemplate.h">
      <Filter>Sorting</Filter>
    </ClInclude>
    <ClInclude Include="BinaryTreeNode.h">
      <Filter>TreeImplementations</Filter>
    </ClInclude>
    <ClInclude Include="AvlTree.h">
      <Filter>TreeImplementations</Filter>
    </ClInclude>
    <ClInclude Include="AvlTreeNode.h">
      <Filter>TreeImplementations</Filter>
    </ClInclude>
    <ClInclude Include="BinaryTree.h">
      <Filter>TreeImplementations</Filter>
    </ClInclude>
    <ClInclude Include="BinarySearchTree.h">
      <Filter>TreeImplementations</Filter>
    </ClInclude>
  </ItemGroup>
  <ItemGroup>
    <ClCompile Include="stdafx.cpp">
      <Filter>Source Files</Filter>
    </ClCompile>
    <ClCompile Include="entryPoint.cpp">
      <Filter>Source Files</Filter>
    </ClCompile>
    <ClCompile Include="GraphBase.cpp">
      <Filter>GraphImplementations</Filter>
    </ClCompile>
    <ClCompile Include="GraphMixedAdjMatrix.cpp">
      <Filter>GraphImplementations</Filter>
    </ClCompile>
    <ClCompile Include="GraphMixedAdjLists.cpp">
      <Filter>GraphImplementations</Filter>
    </ClCompile>
    <ClCompile Include="Dijkstra_ShortestPaths.cpp">
      <Filter>GraphAlgorithms</Filter>
    </ClCompile>
    <ClCompile Include="SelectionSort.cpp">
      <Filter>Sorting</Filter>
    </ClCompile>
    <ClCompile Include="BinaryTreeNode.cpp">
      <Filter>TreeImplementations</Filter>
    </ClCompile>
    <ClCompile Include="AvlTree.cpp">
      <Filter>TreeImplementations</Filter>
    </ClCompile>
    <ClCompile Include="AvlTreeNode.cpp">
      <Filter>TreeImplementations</Filter>
    </ClCompile>
    <ClCompile Include="BinaryTree.cpp">
      <Filter>TreeImplementations</Filter>
    </ClCompile>
    <ClCompile Include="BinarySearchTree.cpp">
      <Filter>TreeImplementations</Filter>
    </ClCompile>
  </ItemGroup>
  <ItemGroup>
    <None Include="SelectionSortTemplate.cpp">
      <Filter>Sorting</Filter>
    </None>
  </ItemGroup>
</Project>