<?xml version="1.0" encoding="utf-8"?>
<Project ToolsVersion="4.0" xmlns="http://schemas.microsoft.com/developer/msbuild/2003">
  <ItemGroup>
    <Filter Include="Source Files">
      <UniqueIdentifier>{4FC737F1-C7A5-4376-A066-2A32D752A2FF}</UniqueIdentifier>
      <Extensions>cpp;c;cc;cxx;def;odl;idl;hpj;bat;asm;asmx</Extensions>
    </Filter>
    <Filter Include="Header Files">
      <UniqueIdentifier>{93995380-89BD-4b04-88EB-625FBE52EBFB}</UniqueIdentifier>
      <Extensions>h;hh;hpp;hxx;hm;inl;inc;xsd</Extensions>
    </Filter>
    <Filter Include="Resource Files">
      <UniqueIdentifier>{67DA6AB6-F800-4c08-8B7A-83BB121AAD01}</UniqueIdentifier>
      <Extensions>rc;ico;cur;bmp;dlg;rc2;rct;bin;rgs;gif;jpg;jpeg;jpe;resx;tiff;tif;png;wav;mfcribbon-ms</Extensions>
    </Filter>
    <Filter Include="Graphs">
      <UniqueIdentifier>{0ec6602c-c443-4879-8bb0-00abafc5fb49}</UniqueIdentifier>
    </Filter>
    <Filter Include="Vertices">
      <UniqueIdentifier>{4872e789-ffa9-4eb0-9877-43a6a5cb4ea3}</UniqueIdentifier>
    </Filter>
    <Filter Include="Edges">
      <UniqueIdentifier>{cc661daa-9f33-4b43-a10a-06686df3c99c}</UniqueIdentifier>
    </Filter>
  </ItemGroup>
  <ItemGroup>
    <Text Include="ReadMe.txt" />
  </ItemGroup>
  <ItemGroup>
    <ClInclude Include="stdafx.h">
      <Filter>Header Files</Filter>
    </ClInclude>
    <ClInclude Include="targetver.h">
      <Filter>Header Files</Filter>
    </ClInclude>
    <ClInclude Include="GraphImplementations.h">
      <Filter>Header Files</Filter>
    </ClInclude>
    <ClInclude Include="GraphMixedAdjMatrix.h">
      <Filter>Graphs</Filter>
    </ClInclude>
    <ClInclude Include="VertexColor.h">
      <Filter>Vertices</Filter>
    </ClInclude>
    <ClInclude Include="VertexDataStatic.h">
      <Filter>Vertices</Filter>
    </ClInclude>
    <ClInclude Include="Vertex.h">
      <Filter>Vertices</Filter>
    </ClInclude>
    <ClInclude Include="EdgeDirection.h">
      <Filter>Edges</Filter>
    </ClInclude>
  </ItemGroup>
  <ItemGroup>
    <ClCompile Include="stdafx.cpp">
      <Filter>Source Files</Filter>
    </ClCompile>
  </ItemGroup>
  <ItemGroup>
    <None Include="GraphMixedAdjMatrix.cpp">
      <Filter>Graphs</Filter>
    </None>
    <None Include="VertexColor.cpp">
      <Filter>Vertices</Filter>
    </None>
    <None Include="VertexDataStatic.cpp">
      <Filter>Vertices</Filter>
    </None>
    <None Include="Vertex.cpp">
      <Filter>Vertices</Filter>
    </None>
    <None Include="EdgeDirection.cpp">
      <Filter>Edges</Filter>
    </None>
  </ItemGroup>
</Project>