
Microsoft Visual Studio Solution File, Format Version 12.00
# Visual Studio 2013
VisualStudioVersion = 12.0.40629.0
MinimumVisualStudioVersion = 10.0.40219.1
Project("{8BC9CEB8-8B4A-11D0-8D11-00A0C91BC942}") = "CommonLib", "CommonLib\CommonLib.vcxproj", "{1406674A-4A88-4F3A-B95D-201851A6D954}"
EndProject
Project("{8BC9CEB8-8B4A-11D0-8D11-00A0C91BC942}") = "GraphBasicAlgorithms", "GraphBasicAlgorithms\GraphBasicAlgorithms.vcxproj", "{385DB04B-7D46-4724-89A5-1F2516FF3290}"
EndProject
Project("{8BC9CEB8-8B4A-11D0-8D11-00A0C91BC942}") = "GraphImplementations", "GraphImplementations\GraphImplementations.vcxproj", "{5874C889-A985-4949-82D5-C876C99707B2}"
EndProject
Project("{8BC9CEB8-8B4A-11D0-8D11-00A0C91BC942}") = "AlgorithmsDss_CStyle", "AlgorithmsDss_CStyle\AlgorithmsDss_CStyle.vcxproj", "{1522E06D-EBE9-4644-9A04-07FC752DF22C}"
EndProject
Global
	GlobalSection(SolutionConfigurationPlatforms) = preSolution
		Debug|Win32 = Debug|Win32
		Release|Win32 = Release|Win32
	EndGlobalSection
	GlobalSection(ProjectConfigurationPlatforms) = postSolution
		{1406674A-4A88-4F3A-B95D-201851A6D954}.Debug|Win32.ActiveCfg = Debug|Win32
		{1406674A-4A88-4F3A-B95D-201851A6D954}.Debug|Win32.Build.0 = Debug|Win32
		{1406674A-4A88-4F3A-B95D-201851A6D954}.Release|Win32.ActiveCfg = Release|Win32
		{1406674A-4A88-4F3A-B95D-201851A6D954}.Release|Win32.Build.0 = Release|Win32
		{385DB04B-7D46-4724-89A5-1F2516FF3290}.Debug|Win32.ActiveCfg = Debug|Win32
		{385DB04B-7D46-4724-89A5-1F2516FF3290}.Debug|Win32.Build.0 = Debug|Win32
		{385DB04B-7D46-4724-89A5-1F2516FF3290}.Release|Win32.ActiveCfg = Release|Win32
		{385DB04B-7D46-4724-89A5-1F2516FF3290}.Release|Win32.Build.0 = Release|Win32
		{5874C889-A985-4949-82D5-C876C99707B2}.Debug|Win32.ActiveCfg = Debug|Win32
		{5874C889-A985-4949-82D5-C876C99707B2}.Debug|Win32.Build.0 = Debug|Win32
		{5874C889-A985-4949-82D5-C876C99707B2}.Release|Win32.ActiveCfg = Release|Win32
		{5874C889-A985-4949-82D5-C876C99707B2}.Release|Win32.Build.0 = Release|Win32
		{1522E06D-EBE9-4644-9A04-07FC752DF22C}.Debug|Win32.ActiveCfg = Debug|Win32
		{1522E06D-EBE9-4644-9A04-07FC752DF22C}.Debug|Win32.Build.0 = Debug|Win32
		{1522E06D-EBE9-4644-9A04-07FC752DF22C}.Release|Win32.ActiveCfg = Release|Win32
		{1522E06D-EBE9-4644-9A04-07FC752DF22C}.Release|Win32.Build.0 = Release|Win32
	EndGlobalSection
	GlobalSection(SolutionProperties) = preSolution
		HideSolutionNode = FALSE
	EndGlobalSection
EndGlobal
